<?xml version="1.0" encoding="utf-8"?>
<Project ToolsVersion="4.0" xmlns="http://schemas.microsoft.com/developer/msbuild/2003">
  <ItemGroup>
    <Filter Include="Source Files">
      <UniqueIdentifier>{4FC737F1-C7A5-4376-A066-2A32D752A2FF}</UniqueIdentifier>
      <Extensions>cpp;c;cc;cxx;c++;cppm;ixx;def;odl;idl;hpj;bat;asm;asmx</Extensions>
    </Filter>
    <Filter Include="Header Files">
      <UniqueIdentifier>{93995380-89BD-4b04-88EB-625FBE52EBFB}</UniqueIdentifier>
      <Extensions>h;hh;hpp;hxx;h++;hm;inl;inc;ipp;xsd</Extensions>
    </Filter>
    <Filter Include="Resource Files">
      <UniqueIdentifier>{67DA6AB6-F800-4c08-8B7A-83BB121AAD01}</UniqueIdentifier>
      <Extensions>rc;ico;cur;bmp;dlg;rc2;rct;bin;rgs;gif;jpg;jpeg;jpe;resx;tiff;tif;png;wav;mfcribbon-ms</Extensions>
    </Filter>
    <Filter Include="Source Files\MainApplication">
      <UniqueIdentifier>{db5e0315-421e-4f47-98ce-9caa57caa336}</UniqueIdentifier>
    </Filter>
    <Filter Include="Header Files\MainApplication">
      <UniqueIdentifier>{28c00548-27d0-4da7-8837-3c686c9da58d}</UniqueIdentifier>
    </Filter>
  </ItemGroup>
  <ItemGroup>
    <ClCompile Include="main.cpp">
      <Filter>Source Files</Filter>
    </ClCompile>
    <ClCompile Include="MainApplication.cpp">
      <Filter>Source Files\MainApplication</Filter>
    </ClCompile>
    <ClCompile Include="VulkanHelper.cpp">
      <Filter>Source Files\MainApplication</Filter>
    </ClCompile>
    <ClCompile Include="PhysicalDevicePicker.cpp">
      <Filter>Source Files</Filter>
    </ClCompile>
  </ItemGroup>
  <ItemGroup>
    <ClInclude Include="MainApplication.h">
      <Filter>Header Files\MainApplication</Filter>
    </ClInclude>
    <ClInclude Include="VulkanHelper.h">
      <Filter>Header Files\MainApplication</Filter>
    </ClInclude>
    <ClInclude Include="PhysicalDevicePicker.h">
      <Filter>Header Files</Filter>
    </ClInclude>
  </ItemGroup>
</Project>